// !$*UTF8*$!
{
	archiveVersion = 1;
	classes = {
	};
	objectVersion = 46;
	objects = {

/* Begin PBXBuildFile section */
		827387711D0154F400EAA698 /* main.m in Sources */ = {isa = PBXBuildFile; fileRef = 827387701D0154F400EAA698 /* main.m */; };
		827387741D0154F400EAA698 /* AppDelegate.m in Sources */ = {isa = PBXBuildFile; fileRef = 827387731D0154F400EAA698 /* AppDelegate.m */; };
		827387771D0154F400EAA698 /* ViewController.m in Sources */ = {isa = PBXBuildFile; fileRef = 827387761D0154F400EAA698 /* ViewController.m */; };
		8273877A1D0154F400EAA698 /* Main.storyboard in Resources */ = {isa = PBXBuildFile; fileRef = 827387781D0154F400EAA698 /* Main.storyboard */; };
		8273877C1D0154F400EAA698 /* Assets.xcassets in Resources */ = {isa = PBXBuildFile; fileRef = 8273877B1D0154F400EAA698 /* Assets.xcassets */; };
		8273877F1D0154F400EAA698 /* LaunchScreen.storyboard in Resources */ = {isa = PBXBuildFile; fileRef = 8273877D1D0154F400EAA698 /* LaunchScreen.storyboard */; };
		827387A21D01554C00EAA698 /* Info.plist in Resources */ = {isa = PBXBuildFile; fileRef = 827387881D01554C00EAA698 /* Info.plist */; };
		827387A31D01554C00EAA698 /* MASCompositeConstraint.m in Sources */ = {isa = PBXBuildFile; fileRef = 8273878A1D01554C00EAA698 /* MASCompositeConstraint.m */; };
		827387A41D01554C00EAA698 /* MASConstraint.m in Sources */ = {isa = PBXBuildFile; fileRef = 8273878D1D01554C00EAA698 /* MASConstraint.m */; };
		827387A51D01554C00EAA698 /* MASConstraintMaker.m in Sources */ = {isa = PBXBuildFile; fileRef = 8273878F1D01554C00EAA698 /* MASConstraintMaker.m */; };
		827387A61D01554C00EAA698 /* MASLayoutConstraint.m in Sources */ = {isa = PBXBuildFile; fileRef = 827387911D01554C00EAA698 /* MASLayoutConstraint.m */; };
		827387A71D01554C00EAA698 /* MASViewAttribute.m in Sources */ = {isa = PBXBuildFile; fileRef = 827387951D01554C00EAA698 /* MASViewAttribute.m */; };
		827387A81D01554C00EAA698 /* MASViewConstraint.m in Sources */ = {isa = PBXBuildFile; fileRef = 827387971D01554C00EAA698 /* MASViewConstraint.m */; };
		827387A91D01554C00EAA698 /* NSArray+MASAdditions.m in Sources */ = {isa = PBXBuildFile; fileRef = 827387991D01554C00EAA698 /* NSArray+MASAdditions.m */; };
		827387AA1D01554C00EAA698 /* NSLayoutConstraint+MASDebugAdditions.m in Sources */ = {isa = PBXBuildFile; fileRef = 8273879C1D01554C00EAA698 /* NSLayoutConstraint+MASDebugAdditions.m */; };
		827387AB1D01554C00EAA698 /* View+MASAdditions.m in Sources */ = {isa = PBXBuildFile; fileRef = 8273879E1D01554C00EAA698 /* View+MASAdditions.m */; };
		827387AC1D01554C00EAA698 /* ViewController+MASAdditions.m in Sources */ = {isa = PBXBuildFile; fileRef = 827387A11D01554C00EAA698 /* ViewController+MASAdditions.m */; };
		827387B51D01555A00EAA698 /* emNot@2x.png in Resources */ = {isa = PBXBuildFile; fileRef = 827387AD1D01555A00EAA698 /* emNot@2x.png */; };
		827387B61D01555A00EAA698 /* emNot@3x.png in Resources */ = {isa = PBXBuildFile; fileRef = 827387AE1D01555A00EAA698 /* emNot@3x.png */; };
		827387B71D01555A00EAA698 /* picS@2x.png in Resources */ = {isa = PBXBuildFile; fileRef = 827387AF1D01555A00EAA698 /* picS@2x.png */; };
		827387B81D01555A00EAA698 /* emo@2x.png in Resources */ = {isa = PBXBuildFile; fileRef = 827387B01D01555A00EAA698 /* emo@2x.png */; };
		827387B91D01555A00EAA698 /* emo@3x.png in Resources */ = {isa = PBXBuildFile; fileRef = 827387B11D01555A00EAA698 /* emo@3x.png */; };
		827387BA1D01555A00EAA698 /* picS@3x.png in Resources */ = {isa = PBXBuildFile; fileRef = 827387B21D01555A00EAA698 /* picS@3x.png */; };
		827387BB1D01555A00EAA698 /* picN@2x.png in Resources */ = {isa = PBXBuildFile; fileRef = 827387B31D01555A00EAA698 /* picN@2x.png */; };
		827387BC1D01555A00EAA698 /* picN@3x.png in Resources */ = {isa = PBXBuildFile; fileRef = 827387B41D01555A00EAA698 /* picN@3x.png */; };
		827387BF1D0155B600EAA698 /* YTChatViewController.m in Sources */ = {isa = PBXBuildFile; fileRef = 827387BE1D0155B600EAA698 /* YTChatViewController.m */; };
		827387C61D01562700EAA698 /* HPGrowingTextView.m in Sources */ = {isa = PBXBuildFile; fileRef = 827387C31D01562700EAA698 /* HPGrowingTextView.m */; };
		827387C71D01562700EAA698 /* HPTextViewInternal.m in Sources */ = {isa = PBXBuildFile; fileRef = 827387C51D01562700EAA698 /* HPTextViewInternal.m */; };
		827387CA1D01584600EAA698 /* YTToolBar.m in Sources */ = {isa = PBXBuildFile; fileRef = 827387C91D01584600EAA698 /* YTToolBar.m */; };
		827387DC1D015B6A00EAA698 /* YTMoreView.m in Sources */ = {isa = PBXBuildFile; fileRef = 827387DB1D015B6A00EAA698 /* YTMoreView.m */; };
		827387E01D015BC800EAA698 /* YTImageManager.m in Sources */ = {isa = PBXBuildFile; fileRef = 827387DF1D015BC800EAA698 /* YTImageManager.m */; };
		827387E31D015C5E00EAA698 /* YTImageSlideView.m in Sources */ = {isa = PBXBuildFile; fileRef = 827387E21D015C5E00EAA698 /* YTImageSlideView.m */; };
		827387E61D0161F400EAA698 /* MBProgressHUD.m in Sources */ = {isa = PBXBuildFile; fileRef = 827387E51D0161F400EAA698 /* MBProgressHUD.m */; };
		827387E91D01622200EAA698 /* MBProgressHUD+YTShowMessage.m in Sources */ = {isa = PBXBuildFile; fileRef = 827387E81D01622200EAA698 /* MBProgressHUD+YTShowMessage.m */; };
		827388011D017F1300EAA698 /* TZAssetCell.m in Sources */ = {isa = PBXBuildFile; fileRef = 827387EF1D017F1300EAA698 /* TZAssetCell.m */; };
		827388021D017F1300EAA698 /* TZAssetModel.m in Sources */ = {isa = PBXBuildFile; fileRef = 827387F11D017F1300EAA698 /* TZAssetModel.m */; };
		827388031D017F1300EAA698 /* TZImageManager.m in Sources */ = {isa = PBXBuildFile; fileRef = 827387F31D017F1300EAA698 /* TZImageManager.m */; };
		827388041D017F1300EAA698 /* TZImagePickerController.bundle in Resources */ = {isa = PBXBuildFile; fileRef = 827387F41D017F1300EAA698 /* TZImagePickerController.bundle */; };
		827388051D017F1300EAA698 /* TZImagePickerController.m in Sources */ = {isa = PBXBuildFile; fileRef = 827387F61D017F1300EAA698 /* TZImagePickerController.m */; };
		827388061D017F1300EAA698 /* TZPhotoPickerController.m in Sources */ = {isa = PBXBuildFile; fileRef = 827387F81D017F1300EAA698 /* TZPhotoPickerController.m */; };
		827388071D017F1300EAA698 /* TZPhotoPreviewCell.m in Sources */ = {isa = PBXBuildFile; fileRef = 827387FA1D017F1300EAA698 /* TZPhotoPreviewCell.m */; };
		827388081D017F1300EAA698 /* TZPhotoPreviewController.m in Sources */ = {isa = PBXBuildFile; fileRef = 827387FC1D017F1300EAA698 /* TZPhotoPreviewController.m */; };
		827388091D017F1300EAA698 /* TZVideoPlayerController.m in Sources */ = {isa = PBXBuildFile; fileRef = 827387FE1D017F1300EAA698 /* TZVideoPlayerController.m */; };
		8273880A1D017F1300EAA698 /* UIView+Layout.m in Sources */ = {isa = PBXBuildFile; fileRef = 827388001D017F1300EAA698 /* UIView+Layout.m */; };
		8273880C1D01830200EAA698 /* face.plist in Resources */ = {isa = PBXBuildFile; fileRef = 8273880B1D01830200EAA698 /* face.plist */; };
		827388151D01832900EAA698 /* SwipeView.m in Sources */ = {isa = PBXBuildFile; fileRef = 8273880E1D01832900EAA698 /* SwipeView.m */; };
		827388161D01832900EAA698 /* XMChatFaceView.m in Sources */ = {isa = PBXBuildFile; fileRef = 827388101D01832900EAA698 /* XMChatFaceView.m */; };
		827388171D01832900EAA698 /* XMNFacePageView.m in Sources */ = {isa = PBXBuildFile; fileRef = 827388121D01832900EAA698 /* XMNFacePageView.m */; };
		827388181D01832900EAA698 /* XMFaceManager.m in Sources */ = {isa = PBXBuildFile; fileRef = 827388141D01832900EAA698 /* XMFaceManager.m */; };
		827388401D0552CA00EAA698 /* chat_bar_more_highlight@3x.png in Resources */ = {isa = PBXBuildFile; fileRef = 8273883F1D0552CA00EAA698 /* chat_bar_more_highlight@3x.png */; };
		827388421D0552CF00EAA698 /* chat_bar_more_normal@3x.png in Resources */ = {isa = PBXBuildFile; fileRef = 827388411D0552CF00EAA698 /* chat_bar_more_normal@3x.png */; };
		827388451D055F6700EAA698 /* YTCollectionView.m in Sources */ = {isa = PBXBuildFile; fileRef = 827388441D055F6700EAA698 /* YTCollectionView.m */; };
		827388471D05656F00EAA698 /* location_green_icon@2x.png in Resources */ = {isa = PBXBuildFile; fileRef = 827388461D05656F00EAA698 /* location_green_icon@2x.png */; };
		827388491D05658A00EAA698 /* show_user_location_selected@2x.png in Resources */ = {isa = PBXBuildFile; fileRef = 827388481D05658A00EAA698 /* show_user_location_selected@2x.png */; };
/* End PBXBuildFile section */

/* Begin PBXFileReference section */
		8273876C1D0154F400EAA698 /* YTTextField.app */ = {isa = PBXFileReference; explicitFileType = wrapper.application; includeInIndex = 0; path = YTTextField.app; sourceTree = BUILT_PRODUCTS_DIR; };
		827387701D0154F400EAA698 /* main.m */ = {isa = PBXFileReference; lastKnownFileType = sourcecode.c.objc; path = main.m; sourceTree = "<group>"; };
		827387721D0154F400EAA698 /* AppDelegate.h */ = {isa = PBXFileReference; lastKnownFileType = sourcecode.c.h; path = AppDelegate.h; sourceTree = "<group>"; };
		827387731D0154F400EAA698 /* AppDelegate.m */ = {isa = PBXFileReference; lastKnownFileType = sourcecode.c.objc; path = AppDelegate.m; sourceTree = "<group>"; };
		827387751D0154F400EAA698 /* ViewController.h */ = {isa = PBXFileReference; lastKnownFileType = sourcecode.c.h; path = ViewController.h; sourceTree = "<group>"; };
		827387761D0154F400EAA698 /* ViewController.m */ = {isa = PBXFileReference; lastKnownFileType = sourcecode.c.objc; path = ViewController.m; sourceTree = "<group>"; };
		827387791D0154F400EAA698 /* Base */ = {isa = PBXFileReference; lastKnownFileType = file.storyboard; name = Base; path = Base.lproj/Main.storyboard; sourceTree = "<group>"; };
		8273877B1D0154F400EAA698 /* Assets.xcassets */ = {isa = PBXFileReference; lastKnownFileType = folder.assetcatalog; path = Assets.xcassets; sourceTree = "<group>"; };
		8273877E1D0154F400EAA698 /* Base */ = {isa = PBXFileReference; lastKnownFileType = file.storyboard; name = Base; path = Base.lproj/LaunchScreen.storyboard; sourceTree = "<group>"; };
		827387801D0154F400EAA698 /* Info.plist */ = {isa = PBXFileReference; lastKnownFileType = text.plist.xml; path = Info.plist; sourceTree = "<group>"; };
		827387881D01554C00EAA698 /* Info.plist */ = {isa = PBXFileReference; fileEncoding = 4; lastKnownFileType = text.plist.xml; path = Info.plist; sourceTree = "<group>"; };
		827387891D01554C00EAA698 /* MASCompositeConstraint.h */ = {isa = PBXFileReference; fileEncoding = 4; lastKnownFileType = sourcecode.c.h; path = MASCompositeConstraint.h; sourceTree = "<group>"; };
		8273878A1D01554C00EAA698 /* MASCompositeConstraint.m */ = {isa = PBXFileReference; fileEncoding = 4; lastKnownFileType = sourcecode.c.objc; path = MASCompositeConstraint.m; sourceTree = "<group>"; };
		8273878B1D01554C00EAA698 /* MASConstraint+Private.h */ = {isa = PBXFileReference; fileEncoding = 4; lastKnownFileType = sourcecode.c.h; path = "MASConstraint+Private.h"; sourceTree = "<group>"; };
		8273878C1D01554C00EAA698 /* MASConstraint.h */ = {isa = PBXFileReference; fileEncoding = 4; lastKnownFileType = sourcecode.c.h; path = MASConstraint.h; sourceTree = "<group>"; };
		8273878D1D01554C00EAA698 /* MASConstraint.m */ = {isa = PBXFileReference; fileEncoding = 4; lastKnownFileType = sourcecode.c.objc; path = MASConstraint.m; sourceTree = "<group>"; };
		8273878E1D01554C00EAA698 /* MASConstraintMaker.h */ = {isa = PBXFileReference; fileEncoding = 4; lastKnownFileType = sourcecode.c.h; path = MASConstraintMaker.h; sourceTree = "<group>"; };
		8273878F1D01554C00EAA698 /* MASConstraintMaker.m */ = {isa = PBXFileReference; fileEncoding = 4; lastKnownFileType = sourcecode.c.objc; path = MASConstraintMaker.m; sourceTree = "<group>"; };
		827387901D01554C00EAA698 /* MASLayoutConstraint.h */ = {isa = PBXFileReference; fileEncoding = 4; lastKnownFileType = sourcecode.c.h; path = MASLayoutConstraint.h; sourceTree = "<group>"; };
		827387911D01554C00EAA698 /* MASLayoutConstraint.m */ = {isa = PBXFileReference; fileEncoding = 4; lastKnownFileType = sourcecode.c.objc; path = MASLayoutConstraint.m; sourceTree = "<group>"; };
		827387921D01554C00EAA698 /* Masonry.h */ = {isa = PBXFileReference; fileEncoding = 4; lastKnownFileType = sourcecode.c.h; path = Masonry.h; sourceTree = "<group>"; };
		827387931D01554C00EAA698 /* MASUtilities.h */ = {isa = PBXFileReference; fileEncoding = 4; lastKnownFileType = sourcecode.c.h; path = MASUtilities.h; sourceTree = "<group>"; };
		827387941D01554C00EAA698 /* MASViewAttribute.h */ = {isa = PBXFileReference; fileEncoding = 4; lastKnownFileType = sourcecode.c.h; path = MASViewAttribute.h; sourceTree = "<group>"; };
		827387951D01554C00EAA698 /* MASViewAttribute.m */ = {isa = PBXFileReference; fileEncoding = 4; lastKnownFileType = sourcecode.c.objc; path = MASViewAttribute.m; sourceTree = "<group>"; };
		827387961D01554C00EAA698 /* MASViewConstraint.h */ = {isa = PBXFileReference; fileEncoding = 4; lastKnownFileType = sourcecode.c.h; path = MASViewConstraint.h; sourceTree = "<group>"; };
		827387971D01554C00EAA698 /* MASViewConstraint.m */ = {isa = PBXFileReference; fileEncoding = 4; lastKnownFileType = sourcecode.c.objc; path = MASViewConstraint.m; sourceTree = "<group>"; };
		827387981D01554C00EAA698 /* NSArray+MASAdditions.h */ = {isa = PBXFileReference; fileEncoding = 4; lastKnownFileType = sourcecode.c.h; path = "NSArray+MASAdditions.h"; sourceTree = "<group>"; };
		827387991D01554C00EAA698 /* NSArray+MASAdditions.m */ = {isa = PBXFileReference; fileEncoding = 4; lastKnownFileType = sourcecode.c.objc; path = "NSArray+MASAdditions.m"; sourceTree = "<group>"; };
		8273879A1D01554C00EAA698 /* NSArray+MASShorthandAdditions.h */ = {isa = PBXFileReference; fileEncoding = 4; lastKnownFileType = sourcecode.c.h; path = "NSArray+MASShorthandAdditions.h"; sourceTree = "<group>"; };
		8273879B1D01554C00EAA698 /* NSLayoutConstraint+MASDebugAdditions.h */ = {isa = PBXFileReference; fileEncoding = 4; lastKnownFileType = sourcecode.c.h; path = "NSLayoutConstraint+MASDebugAdditions.h"; sourceTree = "<group>"; };
		8273879C1D01554C00EAA698 /* NSLayoutConstraint+MASDebugAdditions.m */ = {isa = PBXFileReference; fileEncoding = 4; lastKnownFileType = sourcecode.c.objc; path = "NSLayoutConstraint+MASDebugAdditions.m"; sourceTree = "<group>"; };
		8273879D1D01554C00EAA698 /* View+MASAdditions.h */ = {isa = PBXFileReference; fileEncoding = 4; lastKnownFileType = sourcecode.c.h; path = "View+MASAdditions.h"; sourceTree = "<group>"; };
		8273879E1D01554C00EAA698 /* View+MASAdditions.m */ = {isa = PBXFileReference; fileEncoding = 4; lastKnownFileType = sourcecode.c.objc; path = "View+MASAdditions.m"; sourceTree = "<group>"; };
		8273879F1D01554C00EAA698 /* View+MASShorthandAdditions.h */ = {isa = PBXFileReference; fileEncoding = 4; lastKnownFileType = sourcecode.c.h; path = "View+MASShorthandAdditions.h"; sourceTree = "<group>"; };
		827387A01D01554C00EAA698 /* ViewController+MASAdditions.h */ = {isa = PBXFileReference; fileEncoding = 4; lastKnownFileType = sourcecode.c.h; path = "ViewController+MASAdditions.h"; sourceTree = "<group>"; };
		827387A11D01554C00EAA698 /* ViewController+MASAdditions.m */ = {isa = PBXFileReference; fileEncoding = 4; lastKnownFileType = sourcecode.c.objc; path = "ViewController+MASAdditions.m"; sourceTree = "<group>"; };
		827387AD1D01555A00EAA698 /* emNot@2x.png */ = {isa = PBXFileReference; lastKnownFileType = image.png; path = "emNot@2x.png"; sourceTree = "<group>"; };
		827387AE1D01555A00EAA698 /* emNot@3x.png */ = {isa = PBXFileReference; lastKnownFileType = image.png; path = "emNot@3x.png"; sourceTree = "<group>"; };
		827387AF1D01555A00EAA698 /* picS@2x.png */ = {isa = PBXFileReference; lastKnownFileType = image.png; path = "picS@2x.png"; sourceTree = "<group>"; };
		827387B01D01555A00EAA698 /* emo@2x.png */ = {isa = PBXFileReference; lastKnownFileType = image.png; path = "emo@2x.png"; sourceTree = "<group>"; };
		827387B11D01555A00EAA698 /* emo@3x.png */ = {isa = PBXFileReference; lastKnownFileType = image.png; path = "emo@3x.png"; sourceTree = "<group>"; };
		827387B21D01555A00EAA698 /* picS@3x.png */ = {isa = PBXFileReference; lastKnownFileType = image.png; path = "picS@3x.png"; sourceTree = "<group>"; };
		827387B31D01555A00EAA698 /* picN@2x.png */ = {isa = PBXFileReference; lastKnownFileType = image.png; path = "picN@2x.png"; sourceTree = "<group>"; };
		827387B41D01555A00EAA698 /* picN@3x.png */ = {isa = PBXFileReference; lastKnownFileType = image.png; path = "picN@3x.png"; sourceTree = "<group>"; };
		827387BD1D0155B600EAA698 /* YTChatViewController.h */ = {isa = PBXFileReference; fileEncoding = 4; lastKnownFileType = sourcecode.c.h; path = YTChatViewController.h; sourceTree = "<group>"; };
		827387BE1D0155B600EAA698 /* YTChatViewController.m */ = {isa = PBXFileReference; fileEncoding = 4; lastKnownFileType = sourcecode.c.objc; path = YTChatViewController.m; sourceTree = "<group>"; };
		827387C21D01562700EAA698 /* HPGrowingTextView.h */ = {isa = PBXFileReference; fileEncoding = 4; lastKnownFileType = sourcecode.c.h; path = HPGrowingTextView.h; sourceTree = "<group>"; };
		827387C31D01562700EAA698 /* HPGrowingTextView.m */ = {isa = PBXFileReference; fileEncoding = 4; lastKnownFileType = sourcecode.c.objc; path = HPGrowingTextView.m; sourceTree = "<group>"; };
		827387C41D01562700EAA698 /* HPTextViewInternal.h */ = {isa = PBXFileReference; fileEncoding = 4; lastKnownFileType = sourcecode.c.h; path = HPTextViewInternal.h; sourceTree = "<group>"; };
		827387C51D01562700EAA698 /* HPTextViewInternal.m */ = {isa = PBXFileReference; fileEncoding = 4; lastKnownFileType = sourcecode.c.objc; path = HPTextViewInternal.m; sourceTree = "<group>"; };
		827387C81D01584600EAA698 /* YTToolBar.h */ = {isa = PBXFileReference; fileEncoding = 4; lastKnownFileType = sourcecode.c.h; path = YTToolBar.h; sourceTree = "<group>"; };
		827387C91D01584600EAA698 /* YTToolBar.m */ = {isa = PBXFileReference; fileEncoding = 4; lastKnownFileType = sourcecode.c.objc; path = YTToolBar.m; sourceTree = "<group>"; };
		827387DA1D015B6A00EAA698 /* YTMoreView.h */ = {isa = PBXFileReference; fileEncoding = 4; lastKnownFileType = sourcecode.c.h; path = YTMoreView.h; sourceTree = "<group>"; };
		827387DB1D015B6A00EAA698 /* YTMoreView.m */ = {isa = PBXFileReference; fileEncoding = 4; lastKnownFileType = sourcecode.c.objc; path = YTMoreView.m; sourceTree = "<group>"; };
		827387DE1D015BC800EAA698 /* YTImageManager.h */ = {isa = PBXFileReference; fileEncoding = 4; lastKnownFileType = sourcecode.c.h; path = YTImageManager.h; sourceTree = "<group>"; };
		827387DF1D015BC800EAA698 /* YTImageManager.m */ = {isa = PBXFileReference; fileEncoding = 4; lastKnownFileType = sourcecode.c.objc; path = YTImageManager.m; sourceTree = "<group>"; };
		827387E11D015C5E00EAA698 /* YTImageSlideView.h */ = {isa = PBXFileReference; fileEncoding = 4; lastKnownFileType = sourcecode.c.h; path = YTImageSlideView.h; sourceTree = "<group>"; };
		827387E21D015C5E00EAA698 /* YTImageSlideView.m */ = {isa = PBXFileReference; fileEncoding = 4; lastKnownFileType = sourcecode.c.objc; path = YTImageSlideView.m; sourceTree = "<group>"; };
		827387E41D0161F400EAA698 /* MBProgressHUD.h */ = {isa = PBXFileReference; fileEncoding = 4; lastKnownFileType = sourcecode.c.h; path = MBProgressHUD.h; sourceTree = "<group>"; };
		827387E51D0161F400EAA698 /* MBProgressHUD.m */ = {isa = PBXFileReference; fileEncoding = 4; lastKnownFileType = sourcecode.c.objc; path = MBProgressHUD.m; sourceTree = "<group>"; };
		827387E71D01622200EAA698 /* MBProgressHUD+YTShowMessage.h */ = {isa = PBXFileReference; fileEncoding = 4; lastKnownFileType = sourcecode.c.h; path = "MBProgressHUD+YTShowMessage.h"; sourceTree = "<group>"; };
		827387E81D01622200EAA698 /* MBProgressHUD+YTShowMessage.m */ = {isa = PBXFileReference; fileEncoding = 4; lastKnownFileType = sourcecode.c.objc; path = "MBProgressHUD+YTShowMessage.m"; sourceTree = "<group>"; };
		827387EE1D017F1300EAA698 /* TZAssetCell.h */ = {isa = PBXFileReference; fileEncoding = 4; lastKnownFileType = sourcecode.c.h; path = TZAssetCell.h; sourceTree = "<group>"; };
		827387EF1D017F1300EAA698 /* TZAssetCell.m */ = {isa = PBXFileReference; fileEncoding = 4; lastKnownFileType = sourcecode.c.objc; path = TZAssetCell.m; sourceTree = "<group>"; };
		827387F01D017F1300EAA698 /* TZAssetModel.h */ = {isa = PBXFileReference; fileEncoding = 4; lastKnownFileType = sourcecode.c.h; path = TZAssetModel.h; sourceTree = "<group>"; };
		827387F11D017F1300EAA698 /* TZAssetModel.m */ = {isa = PBXFileReference; fileEncoding = 4; lastKnownFileType = sourcecode.c.objc; path = TZAssetModel.m; sourceTree = "<group>"; };
		827387F21D017F1300EAA698 /* TZImageManager.h */ = {isa = PBXFileReference; fileEncoding = 4; lastKnownFileType = sourcecode.c.h; path = TZImageManager.h; sourceTree = "<group>"; };
		827387F31D017F1300EAA698 /* TZImageManager.m */ = {isa = PBXFileReference; fileEncoding = 4; lastKnownFileType = sourcecode.c.objc; path = TZImageManager.m; sourceTree = "<group>"; };
		827387F41D017F1300EAA698 /* TZImagePickerController.bundle */ = {isa = PBXFileReference; lastKnownFileType = "wrapper.plug-in"; path = TZImagePickerController.bundle; sourceTree = "<group>"; };
		827387F51D017F1300EAA698 /* TZImagePickerController.h */ = {isa = PBXFileReference; fileEncoding = 4; lastKnownFileType = sourcecode.c.h; path = TZImagePickerController.h; sourceTree = "<group>"; };
		827387F61D017F1300EAA698 /* TZImagePickerController.m */ = {isa = PBXFileReference; fileEncoding = 4; lastKnownFileType = sourcecode.c.objc; path = TZImagePickerController.m; sourceTree = "<group>"; };
		827387F71D017F1300EAA698 /* TZPhotoPickerController.h */ = {isa = PBXFileReference; fileEncoding = 4; lastKnownFileType = sourcecode.c.h; path = TZPhotoPickerController.h; sourceTree = "<group>"; };
		827387F81D017F1300EAA698 /* TZPhotoPickerController.m */ = {isa = PBXFileReference; fileEncoding = 4; lastKnownFileType = sourcecode.c.objc; path = TZPhotoPickerController.m; sourceTree = "<group>"; };
		827387F91D017F1300EAA698 /* TZPhotoPreviewCell.h */ = {isa = PBXFileReference; fileEncoding = 4; lastKnownFileType = sourcecode.c.h; path = TZPhotoPreviewCell.h; sourceTree = "<group>"; };
		827387FA1D017F1300EAA698 /* TZPhotoPreviewCell.m */ = {isa = PBXFileReference; fileEncoding = 4; lastKnownFileType = sourcecode.c.objc; path = TZPhotoPreviewCell.m; sourceTree = "<group>"; };
		827387FB1D017F1300EAA698 /* TZPhotoPreviewController.h */ = {isa = PBXFileReference; fileEncoding = 4; lastKnownFileType = sourcecode.c.h; path = TZPhotoPreviewController.h; sourceTree = "<group>"; };
		827387FC1D017F1300EAA698 /* TZPhotoPreviewController.m */ = {isa = PBXFileReference; fileEncoding = 4; lastKnownFileType = sourcecode.c.objc; path = TZPhotoPreviewController.m; sourceTree = "<group>"; };
		827387FD1D017F1300EAA698 /* TZVideoPlayerController.h */ = {isa = PBXFileReference; fileEncoding = 4; lastKnownFileType = sourcecode.c.h; path = TZVideoPlayerController.h; sourceTree = "<group>"; };
		827387FE1D017F1300EAA698 /* TZVideoPlayerController.m */ = {isa = PBXFileReference; fileEncoding = 4; lastKnownFileType = sourcecode.c.objc; path = TZVideoPlayerController.m; sourceTree = "<group>"; };
		827387FF1D017F1300EAA698 /* UIView+Layout.h */ = {isa = PBXFileReference; fileEncoding = 4; lastKnownFileType = sourcecode.c.h; path = "UIView+Layout.h"; sourceTree = "<group>"; };
		827388001D017F1300EAA698 /* UIView+Layout.m */ = {isa = PBXFileReference; fileEncoding = 4; lastKnownFileType = sourcecode.c.objc; path = "UIView+Layout.m"; sourceTree = "<group>"; };
		8273880B1D01830200EAA698 /* face.plist */ = {isa = PBXFileReference; fileEncoding = 4; lastKnownFileType = text.plist.xml; path = face.plist; sourceTree = "<group>"; };
		8273880D1D01832900EAA698 /* SwipeView.h */ = {isa = PBXFileReference; fileEncoding = 4; lastKnownFileType = sourcecode.c.h; path = SwipeView.h; sourceTree = "<group>"; };
		8273880E1D01832900EAA698 /* SwipeView.m */ = {isa = PBXFileReference; fileEncoding = 4; lastKnownFileType = sourcecode.c.objc; path = SwipeView.m; sourceTree = "<group>"; };
		8273880F1D01832900EAA698 /* XMChatFaceView.h */ = {isa = PBXFileReference; fileEncoding = 4; lastKnownFileType = sourcecode.c.h; path = XMChatFaceView.h; sourceTree = "<group>"; };
		827388101D01832900EAA698 /* XMChatFaceView.m */ = {isa = PBXFileReference; fileEncoding = 4; lastKnownFileType = sourcecode.c.objc; path = XMChatFaceView.m; sourceTree = "<group>"; };
		827388111D01832900EAA698 /* XMNFacePageView.h */ = {isa = PBXFileReference; fileEncoding = 4; lastKnownFileType = sourcecode.c.h; path = XMNFacePageView.h; sourceTree = "<group>"; };
		827388121D01832900EAA698 /* XMNFacePageView.m */ = {isa = PBXFileReference; fileEncoding = 4; lastKnownFileType = sourcecode.c.objc; path = XMNFacePageView.m; sourceTree = "<group>"; };
		827388131D01832900EAA698 /* XMFaceManager.h */ = {isa = PBXFileReference; fileEncoding = 4; lastKnownFileType = sourcecode.c.h; path = XMFaceManager.h; sourceTree = "<group>"; };
		827388141D01832900EAA698 /* XMFaceManager.m */ = {isa = PBXFileReference; fileEncoding = 4; lastKnownFileType = sourcecode.c.objc; path = XMFaceManager.m; sourceTree = "<group>"; };
		8273883F1D0552CA00EAA698 /* chat_bar_more_highlight@3x.png */ = {isa = PBXFileReference; lastKnownFileType = image.png; path = "chat_bar_more_highlight@3x.png"; sourceTree = "<group>"; };
		827388411D0552CF00EAA698 /* chat_bar_more_normal@3x.png */ = {isa = PBXFileReference; lastKnownFileType = image.png; path = "chat_bar_more_normal@3x.png"; sourceTree = "<group>"; };
		827388431D055F6700EAA698 /* YTCollectionView.h */ = {isa = PBXFileReference; fileEncoding = 4; lastKnownFileType = sourcecode.c.h; path = YTCollectionView.h; sourceTree = "<group>"; };
		827388441D055F6700EAA698 /* YTCollectionView.m */ = {isa = PBXFileReference; fileEncoding = 4; lastKnownFileType = sourcecode.c.objc; path = YTCollectionView.m; sourceTree = "<group>"; };
		827388461D05656F00EAA698 /* location_green_icon@2x.png */ = {isa = PBXFileReference; lastKnownFileType = image.png; path = "location_green_icon@2x.png"; sourceTree = "<group>"; };
		827388481D05658A00EAA698 /* show_user_location_selected@2x.png */ = {isa = PBXFileReference; lastKnownFileType = image.png; path = "show_user_location_selected@2x.png"; sourceTree = "<group>"; };
/* End PBXFileReference section */

/* Begin PBXFrameworksBuildPhase section */
		827387691D0154F400EAA698 /* Frameworks */ = {
			isa = PBXFrameworksBuildPhase;
			buildActionMask = 2147483647;
			files = (
			);
			runOnlyForDeploymentPostprocessing = 0;
		};
/* End PBXFrameworksBuildPhase section */

/* Begin PBXGroup section */
		827387631D0154F400EAA698 = {
			isa = PBXGroup;
			children = (
				8273876E1D0154F400EAA698 /* YTTextField */,
				8273876D1D0154F400EAA698 /* Products */,
			);
			sourceTree = "<group>";
		};
		8273876D1D0154F400EAA698 /* Products */ = {
			isa = PBXGroup;
			children = (
				8273876C1D0154F400EAA698 /* YTTextField.app */,
			);
			name = Products;
			sourceTree = "<group>";
		};
		8273876E1D0154F400EAA698 /* YTTextField */ = {
			isa = PBXGroup;
			children = (
				827387721D0154F400EAA698 /* AppDelegate.h */,
				827387731D0154F400EAA698 /* AppDelegate.m */,
				827387751D0154F400EAA698 /* ViewController.h */,
				827387761D0154F400EAA698 /* ViewController.m */,
				827387BD1D0155B600EAA698 /* YTChatViewController.h */,
				827387BE1D0155B600EAA698 /* YTChatViewController.m */,
				827387C81D01584600EAA698 /* YTToolBar.h */,
				827387C91D01584600EAA698 /* YTToolBar.m */,
				827387EA1D016F6500EAA698 /* 表情 */,
				827387EB1D016F7400EAA698 /* 更多 */,
				827387DD1D015BA900EAA698 /* 图片 */,
				827387781D0154F400EAA698 /* Main.storyboard */,
				8273877B1D0154F400EAA698 /* Assets.xcassets */,
				8273877D1D0154F400EAA698 /* LaunchScreen.storyboard */,
				827387801D0154F400EAA698 /* Info.plist */,
				827387861D01553D00EAA698 /* thirdParty */,
				8273876F1D0154F400EAA698 /* Supporting Files */,
			);
			path = YTTextField;
			sourceTree = "<group>";
		};
		8273876F1D0154F400EAA698 /* Supporting Files */ = {
			isa = PBXGroup;
			children = (
				827387C01D01560800EAA698 /* image */,
				827387701D0154F400EAA698 /* main.m */,
			);
			name = "Supporting Files";
			sourceTree = "<group>";
		};
		827387861D01553D00EAA698 /* thirdParty */ = {
			isa = PBXGroup;
			children = (
				827387ED1D017F1300EAA698 /* TZImagePickerController */,
				827387EC1D016F9900EAA698 /* MBProgressHUD */,
				827387C11D01561C00EAA698 /* HPGrowingTextView */,
				827387871D01554C00EAA698 /* Masonry */,
			);
			name = thirdParty;
			sourceTree = "<group>";
		};
		827387871D01554C00EAA698 /* Masonry */ = {
			isa = PBXGroup;
			children = (
				827387881D01554C00EAA698 /* Info.plist */,
				827387891D01554C00EAA698 /* MASCompositeConstraint.h */,
				8273878A1D01554C00EAA698 /* MASCompositeConstraint.m */,
				8273878B1D01554C00EAA698 /* MASConstraint+Private.h */,
				8273878C1D01554C00EAA698 /* MASConstraint.h */,
				8273878D1D01554C00EAA698 /* MASConstraint.m */,
				8273878E1D01554C00EAA698 /* MASConstraintMaker.h */,
				8273878F1D01554C00EAA698 /* MASConstraintMaker.m */,
				827387901D01554C00EAA698 /* MASLayoutConstraint.h */,
				827387911D01554C00EAA698 /* MASLayoutConstraint.m */,
				827387921D01554C00EAA698 /* Masonry.h */,
				827387931D01554C00EAA698 /* MASUtilities.h */,
				827387941D01554C00EAA698 /* MASViewAttribute.h */,
				827387951D01554C00EAA698 /* MASViewAttribute.m */,
				827387961D01554C00EAA698 /* MASViewConstraint.h */,
				827387971D01554C00EAA698 /* MASViewConstraint.m */,
				827387981D01554C00EAA698 /* NSArray+MASAdditions.h */,
				827387991D01554C00EAA698 /* NSArray+MASAdditions.m */,
				8273879A1D01554C00EAA698 /* NSArray+MASShorthandAdditions.h */,
				8273879B1D01554C00EAA698 /* NSLayoutConstraint+MASDebugAdditions.h */,
				8273879C1D01554C00EAA698 /* NSLayoutConstraint+MASDebugAdditions.m */,
				8273879D1D01554C00EAA698 /* View+MASAdditions.h */,
				8273879E1D01554C00EAA698 /* View+MASAdditions.m */,
				8273879F1D01554C00EAA698 /* View+MASShorthandAdditions.h */,
				827387A01D01554C00EAA698 /* ViewController+MASAdditions.h */,
				827387A11D01554C00EAA698 /* ViewController+MASAdditions.m */,
			);
			path = Masonry;
			sourceTree = "<group>";
		};
		827387C01D01560800EAA698 /* image */ = {
			isa = PBXGroup;
			children = (
				827387AD1D01555A00EAA698 /* emNot@2x.png */,
				827387AE1D01555A00EAA698 /* emNot@3x.png */,
				827387AF1D01555A00EAA698 /* picS@2x.png */,
				827387B01D01555A00EAA698 /* emo@2x.png */,
				827387B11D01555A00EAA698 /* emo@3x.png */,
				827387B21D01555A00EAA698 /* picS@3x.png */,
				827387B31D01555A00EAA698 /* picN@2x.png */,
				827387B41D01555A00EAA698 /* picN@3x.png */,
			);
			name = image;
			sourceTree = "<group>";
		};
		827387C11D01561C00EAA698 /* HPGrowingTextView */ = {
			isa = PBXGroup;
			children = (
				827387C21D01562700EAA698 /* HPGrowingTextView.h */,
				827387C31D01562700EAA698 /* HPGrowingTextView.m */,
				827387C41D01562700EAA698 /* HPTextViewInternal.h */,
				827387C51D01562700EAA698 /* HPTextViewInternal.m */,
			);
			name = HPGrowingTextView;
			sourceTree = "<group>";
		};
		827387DD1D015BA900EAA698 /* 图片 */ = {
			isa = PBXGroup;
			children = (
				827387DE1D015BC800EAA698 /* YTImageManager.h */,
				827387DF1D015BC800EAA698 /* YTImageManager.m */,
				827387E11D015C5E00EAA698 /* YTImageSlideView.h */,
				827387E21D015C5E00EAA698 /* YTImageSlideView.m */,
			);
			name = "图片";
			sourceTree = "<group>";
		};
		827387EA1D016F6500EAA698 /* 表情 */ = {
			isa = PBXGroup;
			children = (
				827388411D0552CF00EAA698 /* chat_bar_more_normal@3x.png */,
				8273883F1D0552CA00EAA698 /* chat_bar_more_highlight@3x.png */,
				827388481D05658A00EAA698 /* show_user_location_selected@2x.png */,
				827388461D05656F00EAA698 /* location_green_icon@2x.png */,
				8273880B1D01830200EAA698 /* face.plist */,
				8273880D1D01832900EAA698 /* SwipeView.h */,
				8273880E1D01832900EAA698 /* SwipeView.m */,
				8273880F1D01832900EAA698 /* XMChatFaceView.h */,
				827388101D01832900EAA698 /* XMChatFaceView.m */,
				827388111D01832900EAA698 /* XMNFacePageView.h */,
				827388121D01832900EAA698 /* XMNFacePageView.m */,
				827388131D01832900EAA698 /* XMFaceManager.h */,
				827388141D01832900EAA698 /* XMFaceManager.m */,
			);
			name = "表情";
			sourceTree = "<group>";
		};
		827387EB1D016F7400EAA698 /* 更多 */ = {
			isa = PBXGroup;
			children = (
				827387DA1D015B6A00EAA698 /* YTMoreView.h */,
				827387DB1D015B6A00EAA698 /* YTMoreView.m */,
				827388431D055F6700EAA698 /* YTCollectionView.h */,
				827388441D055F6700EAA698 /* YTCollectionView.m */,
			);
			name = "更多";
			sourceTree = "<group>";
		};
		827387EC1D016F9900EAA698 /* MBProgressHUD */ = {
			isa = PBXGroup;
			children = (
				827387E41D0161F400EAA698 /* MBProgressHUD.h */,
				827387E51D0161F400EAA698 /* MBProgressHUD.m */,
				827387E71D01622200EAA698 /* MBProgressHUD+YTShowMessage.h */,
				827387E81D01622200EAA698 /* MBProgressHUD+YTShowMessage.m */,
			);
			name = MBProgressHUD;
			sourceTree = "<group>";
		};
		827387ED1D017F1300EAA698 /* TZImagePickerController */ = {
			isa = PBXGroup;
			children = (
				827387EE1D017F1300EAA698 /* TZAssetCell.h */,
				827387EF1D017F1300EAA698 /* TZAssetCell.m */,
				827387F01D017F1300EAA698 /* TZAssetModel.h */,
				827387F11D017F1300EAA698 /* TZAssetModel.m */,
				827387F21D017F1300EAA698 /* TZImageManager.h */,
				827387F31D017F1300EAA698 /* TZImageManager.m */,
				827387F41D017F1300EAA698 /* TZImagePickerController.bundle */,
				827387F51D017F1300EAA698 /* TZImagePickerController.h */,
				827387F61D017F1300EAA698 /* TZImagePickerController.m */,
				827387F71D017F1300EAA698 /* TZPhotoPickerController.h */,
				827387F81D017F1300EAA698 /* TZPhotoPickerController.m */,
				827387F91D017F1300EAA698 /* TZPhotoPreviewCell.h */,
				827387FA1D017F1300EAA698 /* TZPhotoPreviewCell.m */,
				827387FB1D017F1300EAA698 /* TZPhotoPreviewController.h */,
				827387FC1D017F1300EAA698 /* TZPhotoPreviewController.m */,
				827387FD1D017F1300EAA698 /* TZVideoPlayerController.h */,
				827387FE1D017F1300EAA698 /* TZVideoPlayerController.m */,
				827387FF1D017F1300EAA698 /* UIView+Layout.h */,
				827388001D017F1300EAA698 /* UIView+Layout.m */,
			);
			path = TZImagePickerController;
			sourceTree = "<group>";
		};
/* End PBXGroup section */

/* Begin PBXNativeTarget section */
		8273876B1D0154F400EAA698 /* YTTextField */ = {
			isa = PBXNativeTarget;
			buildConfigurationList = 827387831D0154F400EAA698 /* Build configuration list for PBXNativeTarget "YTTextField" */;
			buildPhases = (
				827387681D0154F400EAA698 /* Sources */,
				827387691D0154F400EAA698 /* Frameworks */,
				8273876A1D0154F400EAA698 /* Resources */,
			);
			buildRules = (
			);
			dependencies = (
			);
			name = YTTextField;
			productName = YTTextField;
			productReference = 8273876C1D0154F400EAA698 /* YTTextField.app */;
			productType = "com.apple.product-type.application";
		};
/* End PBXNativeTarget section */

/* Begin PBXProject section */
		827387641D0154F400EAA698 /* Project object */ = {
			isa = PBXProject;
			attributes = {
				LastUpgradeCheck = 0730;
				ORGANIZATIONNAME = JDYX;
				TargetAttributes = {
					8273876B1D0154F400EAA698 = {
						CreatedOnToolsVersion = 7.3;
					};
				};
			};
			buildConfigurationList = 827387671D0154F400EAA698 /* Build configuration list for PBXProject "YTTextField" */;
			compatibilityVersion = "Xcode 3.2";
			developmentRegion = English;
			hasScannedForEncodings = 0;
			knownRegions = (
				en,
				Base,
			);
			mainGroup = 827387631D0154F400EAA698;
			productRefGroup = 8273876D1D0154F400EAA698 /* Products */;
			projectDirPath = "";
			projectRoot = "";
			targets = (
				8273876B1D0154F400EAA698 /* YTTextField */,
			);
		};
/* End PBXProject section */

/* Begin PBXResourcesBuildPhase section */
		8273876A1D0154F400EAA698 /* Resources */ = {
			isa = PBXResourcesBuildPhase;
			buildActionMask = 2147483647;
			files = (
				827387B81D01555A00EAA698 /* emo@2x.png in Resources */,
				827387A21D01554C00EAA698 /* Info.plist in Resources */,
				8273877F1D0154F400EAA698 /* LaunchScreen.storyboard in Resources */,
				8273880C1D01830200EAA698 /* face.plist in Resources */,
				827387BC1D01555A00EAA698 /* picN@3x.png in Resources */,
				827387B51D01555A00EAA698 /* emNot@2x.png in Resources */,
				827387BB1D01555A00EAA698 /* picN@2x.png in Resources */,
				827388421D0552CF00EAA698 /* chat_bar_more_normal@3x.png in Resources */,
				827387B61D01555A00EAA698 /* emNot@3x.png in Resources */,
				8273877C1D0154F400EAA698 /* Assets.xcassets in Resources */,
				827387BA1D01555A00EAA698 /* picS@3x.png in Resources */,
				827388401D0552CA00EAA698 /* chat_bar_more_highlight@3x.png in Resources */,
				8273877A1D0154F400EAA698 /* Main.storyboard in Resources */,
				827387B71D01555A00EAA698 /* picS@2x.png in Resources */,
				827388491D05658A00EAA698 /* show_user_location_selected@2x.png in Resources */,
				827388471D05656F00EAA698 /* location_green_icon@2x.png in Resources */,
				827387B91D01555A00EAA698 /* emo@3x.png in Resources */,
				827388041D017F1300EAA698 /* TZImagePickerController.bundle in Resources */,
			);
			runOnlyForDeploymentPostprocessing = 0;
		};
/* End PBXResourcesBuildPhase section */

/* Begin PBXSourcesBuildPhase section */
		827387681D0154F400EAA698 /* Sources */ = {
			isa = PBXSourcesBuildPhase;
			buildActionMask = 2147483647;
			files = (
				827387AA1D01554C00EAA698 /* NSLayoutConstraint+MASDebugAdditions.m in Sources */,
				827387A81D01554C00EAA698 /* MASViewConstraint.m in Sources */,
				827387E61D0161F400EAA698 /* MBProgressHUD.m in Sources */,
				827387E01D015BC800EAA698 /* YTImageManager.m in Sources */,
				827387DC1D015B6A00EAA698 /* YTMoreView.m in Sources */,
				827387A31D01554C00EAA698 /* MASCompositeConstraint.m in Sources */,
				827387E31D015C5E00EAA698 /* YTImageSlideView.m in Sources */,
				827388031D017F1300EAA698 /* TZImageManager.m in Sources */,
				827387A91D01554C00EAA698 /* NSArray+MASAdditions.m in Sources */,
				827388451D055F6700EAA698 /* YTCollectionView.m in Sources */,
				827387CA1D01584600EAA698 /* YTToolBar.m in Sources */,
				827388171D01832900EAA698 /* XMNFacePageView.m in Sources */,
				827387C71D01562700EAA698 /* HPTextViewInternal.m in Sources */,
				827387771D0154F400EAA698 /* ViewController.m in Sources */,
				827388181D01832900EAA698 /* XMFaceManager.m in Sources */,
				827388151D01832900EAA698 /* SwipeView.m in Sources */,
				8273880A1D017F1300EAA698 /* UIView+Layout.m in Sources */,
				827387741D0154F400EAA698 /* AppDelegate.m in Sources */,
				827388081D017F1300EAA698 /* TZPhotoPreviewController.m in Sources */,
				827388161D01832900EAA698 /* XMChatFaceView.m in Sources */,
				827388021D017F1300EAA698 /* TZAssetModel.m in Sources */,
				827387C61D01562700EAA698 /* HPGrowingTextView.m in Sources */,
				827388011D017F1300EAA698 /* TZAssetCell.m in Sources */,
				827388091D017F1300EAA698 /* TZVideoPlayerController.m in Sources */,
				827387A61D01554C00EAA698 /* MASLayoutConstraint.m in Sources */,
				827388061D017F1300EAA698 /* TZPhotoPickerController.m in Sources */,
				827387711D0154F400EAA698 /* main.m in Sources */,
				827387AC1D01554C00EAA698 /* ViewController+MASAdditions.m in Sources */,
				827387AB1D01554C00EAA698 /* View+MASAdditions.m in Sources */,
				827387E91D01622200EAA698 /* MBProgressHUD+YTShowMessage.m in Sources */,
				827387A71D01554C00EAA698 /* MASViewAttribute.m in Sources */,
				827387A41D01554C00EAA698 /* MASConstraint.m in Sources */,
				827387A51D01554C00EAA698 /* MASConstraintMaker.m in Sources */,
				827388071D017F1300EAA698 /* TZPhotoPreviewCell.m in Sources */,
				827388051D017F1300EAA698 /* TZImagePickerController.m in Sources */,
				827387BF1D0155B600EAA698 /* YTChatViewController.m in Sources */,
			);
			runOnlyForDeploymentPostprocessing = 0;
		};
/* End PBXSourcesBuildPhase section */

/* Begin PBXVariantGroup section */
		827387781D0154F400EAA698 /* Main.storyboard */ = {
			isa = PBXVariantGroup;
			children = (
				827387791D0154F400EAA698 /* Base */,
			);
			name = Main.storyboard;
			sourceTree = "<group>";
		};
		8273877D1D0154F400EAA698 /* LaunchScreen.storyboard */ = {
			isa = PBXVariantGroup;
			children = (
				8273877E1D0154F400EAA698 /* Base */,
			);
			name = LaunchScreen.storyboard;
			sourceTree = "<group>";
		};
/* End PBXVariantGroup section */

/* Begin XCBuildConfiguration section */
		827387811D0154F400EAA698 /* Debug */ = {
			isa = XCBuildConfiguration;
			buildSettings = {
				ALWAYS_SEARCH_USER_PATHS = NO;
				CLANG_ANALYZER_NONNULL = YES;
				CLANG_CXX_LANGUAGE_STANDARD = "gnu++0x";
				CLANG_CXX_LIBRARY = "libc++";
				CLANG_ENABLE_MODULES = YES;
				CLANG_ENABLE_OBJC_ARC = YES;
				CLANG_WARN_BOOL_CONVERSION = YES;
				CLANG_WARN_CONSTANT_CONVERSION = YES;
				CLANG_WARN_DIRECT_OBJC_ISA_USAGE = YES_ERROR;
				CLANG_WARN_EMPTY_BODY = YES;
				CLANG_WARN_ENUM_CONVERSION = YES;
				CLANG_WARN_INT_CONVERSION = YES;
				CLANG_WARN_OBJC_ROOT_CLASS = YES_ERROR;
				CLANG_WARN_UNREACHABLE_CODE = YES;
				CLANG_WARN__DUPLICATE_METHOD_MATCH = YES;
				"CODE_SIGN_IDENTITY[sdk=iphoneos*]" = "iPhone Developer";
				COPY_PHASE_STRIP = NO;
				DEBUG_INFORMATION_FORMAT = dwarf;
				ENABLE_STRICT_OBJC_MSGSEND = YES;
				ENABLE_TESTABILITY = YES;
				GCC_C_LANGUAGE_STANDARD = gnu99;
				GCC_DYNAMIC_NO_PIC = NO;
				GCC_NO_COMMON_BLOCKS = YES;
				GCC_OPTIMIZATION_LEVEL = 0;
				GCC_PREPROCESSOR_DEFINITIONS = (
					"DEBUG=1",
					"$(inherited)",
				);
				GCC_WARN_64_TO_32_BIT_CONVERSION = YES;
				GCC_WARN_ABOUT_RETURN_TYPE = YES_ERROR;
				GCC_WARN_UNDECLARED_SELECTOR = YES;
				GCC_WARN_UNINITIALIZED_AUTOS = YES_AGGRESSIVE;
				GCC_WARN_UNUSED_FUNCTION = YES;
				GCC_WARN_UNUSED_VARIABLE = YES;
				IPHONEOS_DEPLOYMENT_TARGET = 9.3;
				MTL_ENABLE_DEBUG_INFO = YES;
				ONLY_ACTIVE_ARCH = YES;
				SDKROOT = iphoneos;
				TARGETED_DEVICE_FAMILY = "1,2";
			};
			name = Debug;
		};
		827387821D0154F400EAA698 /* Release */ = {
			isa = XCBuildConfiguration;
			buildSettings = {
				ALWAYS_SEARCH_USER_PATHS = NO;
				CLANG_ANALYZER_NONNULL = YES;
				CLANG_CXX_LANGUAGE_STANDARD = "gnu++0x";
				CLANG_CXX_LIBRARY = "libc++";
				CLANG_ENABLE_MODULES = YES;
				CLANG_ENABLE_OBJC_ARC = YES;
				CLANG_WARN_BOOL_CONVERSION = YES;
				CLANG_WARN_CONSTANT_CONVERSION = YES;
				CLANG_WARN_DIRECT_OBJC_ISA_USAGE = YES_ERROR;
				CLANG_WARN_EMPTY_BODY = YES;
				CLANG_WARN_ENUM_CONVERSION = YES;
				CLANG_WARN_INT_CONVERSION = YES;
				CLANG_WARN_OBJC_ROOT_CLASS = YES_ERROR;
				CLANG_WARN_UNREACHABLE_CODE = YES;
				CLANG_WARN__DUPLICATE_METHOD_MATCH = YES;
				"CODE_SIGN_IDENTITY[sdk=iphoneos*]" = "iPhone Developer";
				COPY_PHASE_STRIP = NO;
				DEBUG_INFORMATION_FORMAT = "dwarf-with-dsym";
				ENABLE_NS_ASSERTIONS = NO;
				ENABLE_STRICT_OBJC_MSGSEND = YES;
				GCC_C_LANGUAGE_STANDARD = gnu99;
				GCC_NO_COMMON_BLOCKS = YES;
				GCC_WARN_64_TO_32_BIT_CONVERSION = YES;
				GCC_WARN_ABOUT_RETURN_TYPE = YES_ERROR;
				GCC_WARN_UNDECLARED_SELECTOR = YES;
				GCC_WARN_UNINITIALIZED_AUTOS = YES_AGGRESSIVE;
				GCC_WARN_UNUSED_FUNCTION = YES;
				GCC_WARN_UNUSED_VARIABLE = YES;
				IPHONEOS_DEPLOYMENT_TARGET = 9.3;
				MTL_ENABLE_DEBUG_INFO = NO;
				SDKROOT = iphoneos;
				TARGETED_DEVICE_FAMILY = "1,2";
				VALIDATE_PRODUCT = YES;
			};
			name = Release;
		};
		827387841D0154F400EAA698 /* Debug */ = {
			isa = XCBuildConfiguration;
			buildSettings = {
				ASSETCATALOG_COMPILER_APPICON_NAME = AppIcon;
				INFOPLIST_FILE = YTTextField/Info.plist;
				IPHONEOS_DEPLOYMENT_TARGET = 8.0;
				LD_RUNPATH_SEARCH_PATHS = "$(inherited) @executable_path/Frameworks";
				PRODUCT_BUNDLE_IDENTIFIER = com.youting.YTTextField;
				PRODUCT_NAME = "$(TARGET_NAME)";
			};
			name = Debug;
		};
		827387851D0154F400EAA698 /* Release */ = {
			isa = XCBuildConfiguration;
			buildSettings = {
				ASSETCATALOG_COMPILER_APPICON_NAME = AppIcon;
				INFOPLIST_FILE = YTTextField/Info.plist;
				IPHONEOS_DEPLOYMENT_TARGET = 8.0;
				LD_RUNPATH_SEARCH_PATHS = "$(inherited) @executable_path/Frameworks";
				PRODUCT_BUNDLE_IDENTIFIER = com.youting.YTTextField;
				PRODUCT_NAME = "$(TARGET_NAME)";
			};
			name = Release;
		};
/* End XCBuildConfiguration section */

/* Begin XCConfigurationList section */
		827387671D0154F400EAA698 /* Build configuration list for PBXProject "YTTextField" */ = {
			isa = XCConfigurationList;
			buildConfigurations = (
				827387811D0154F400EAA698 /* Debug */,
				827387821D0154F400EAA698 /* Release */,
			);
			defaultConfigurationIsVisible = 0;
			defaultConfigurationName = Release;
		};
		827387831D0154F400EAA698 /* Build configuration list for PBXNativeTarget "YTTextField" */ = {
			isa = XCConfigurationList;
			buildConfigurations = (
				827387841D0154F400EAA698 /* Debug */,
				827387851D0154F400EAA698 /* Release */,
			);
			defaultConfigurationIsVisible = 0;
			defaultConfigurationName = Release;
		};
/* End XCConfigurationList section */
	};
	rootObject = 827387641D0154F400EAA698 /* Project object */;
}
